
Microsoft Visual Studio Solution File, Format Version 12.00
# Visual Studio Version 16
VisualStudioVersion = 16.0.30225.117
MinimumVisualStudioVersion = 10.0.40219.1
Project("{9A19103F-16F7-4668-BE54-9A1E7A4F7556}") = "NetCoreLineBotSDK", "NetCoreLineBotSDK\NetCoreLineBotSDK.csproj", "{A34885D6-2F7E-4FC1-9933-46F2D53979A0}"
EndProject
Project("{FAE04EC0-301F-11D3-BF4B-00C04F79EFBC}") = "NetCoreLineBotSDK.Sample", "NetCoreLineBotSDK.Sample\NetCoreLineBotSDK.Sample.csproj", "{98A4723F-7C22-488C-A39A-03E74448661B}"
EndProject
Global
	GlobalSection(SolutionConfigurationPlatforms) = preSolution
		Debug|Any CPU = Debug|Any CPU
		Release|Any CPU = Release|Any CPU
	EndGlobalSection
	GlobalSection(ProjectConfigurationPlatforms) = postSolution
		{A34885D6-2F7E-4FC1-9933-46F2D53979A0}.Debug|Any CPU.ActiveCfg = Debug|Any CPU
		{A34885D6-2F7E-4FC1-9933-46F2D53979A0}.Debug|Any CPU.Build.0 = Debug|Any CPU
		{A34885D6-2F7E-4FC1-9933-46F2D53979A0}.Release|Any CPU.ActiveCfg = Release|Any CPU
		{A34885D6-2F7E-4FC1-9933-46F2D53979A0}.Release|Any CPU.Build.0 = Release|Any CPU
		{98A4723F-7C22-488C-A39A-03E74448661B}.Debug|Any CPU.ActiveCfg = Debug|Any CPU
		{98A4723F-7C22-488C-A39A-03E74448661B}.Debug|Any CPU.Build.0 = Debug|Any CPU
		{98A4723F-7C22-488C-A39A-03E74448661B}.Release|Any CPU.ActiveCfg = Release|Any CPU
		{98A4723F-7C22-488C-A39A-03E74448661B}.Release|Any CPU.Build.0 = Release|Any CPU
	EndGlobalSection
	GlobalSection(SolutionProperties) = preSolution
		HideSolutionNode = FALSE
	EndGlobalSection
	GlobalSection(ExtensibilityGlobals) = postSolution
		SolutionGuid = {64B799D9-641E-425E-941C-C2920F1F8608}
	EndGlobalSection
EndGlobal
